{
	"name": "@faustbrian/laravel-lighty",
	"lockfileVersion": 3,
	"requires": true,
	"packages": {
		"": {
			"name": "@faustbrian/laravel-lighty",
			"dependencies": {
				"linkify-urls": "^4.0.0",
				"shiki": "^0.14.2"
			}
		},
		"node_modules/ansi-sequence-parser": {
			"version": "1.1.0",
			"resolved": "https://registry.npmjs.org/ansi-sequence-parser/-/ansi-sequence-parser-1.1.0.tgz",
			"integrity": "sha512-lEm8mt52to2fT8GhciPCGeCXACSz2UwIN4X2e2LJSnZ5uAbn2/dsYdOmUXq0AtWS5cpAupysIneExOgH0Vd2TQ=="
		},
		"node_modules/create-html-element": {
			"version": "4.0.1",
			"resolved": "https://registry.npmjs.org/create-html-element/-/create-html-element-4.0.1.tgz",
			"integrity": "sha512-K/wr7TGTPh4v2m5JpxNWQ/W4/lHkVjun7rTmg8ycNjbJE0ngjxvVYSiYzgq4iiJ+H5zq2FcPu6ZehCZHHcZtfA==",
			"dependencies": {
				"escape-goat": "^4.0.0",
				"html-tags": "^3.1.0",
				"stringify-attributes": "^3.0.0",
				"type-fest": "^2.5.0"
			},
			"engines": {
				"node": "^12.20.0 || ^14.13.1 || >=16.0.0"
			},
			"funding": {
				"url": "https://github.com/sponsors/sindresorhus"
			}
		},
		"node_modules/escape-goat": {
			"version": "4.0.0",
			"resolved": "https://registry.npmjs.org/escape-goat/-/escape-goat-4.0.0.tgz",
			"integrity": "sha512-2Sd4ShcWxbx6OY1IHyla/CVNwvg7XwZVoXZHcSu9w9SReNP1EzzD5T8NWKIR38fIqEns9kDWKUQTXXAmlDrdPg==",
			"engines": {
				"node": ">=12"
			},
			"funding": {
				"url": "https://github.com/sponsors/sindresorhus"
			}
		},
		"node_modules/html-tags": {
			"version": "3.3.1",
			"resolved": "https://registry.npmjs.org/html-tags/-/html-tags-3.3.1.tgz",
			"integrity": "sha512-ztqyC3kLto0e9WbNp0aeP+M3kTt+nbaIveGmUxAtZa+8iFgKLUOD4YKM5j+f3QD89bra7UeumolZHKuOXnTmeQ==",
			"engines": {
				"node": ">=8"
			},
			"funding": {
				"url": "https://github.com/sponsors/sindresorhus"
			}
		},
		"node_modules/jsonc-parser": {
			"version": "3.2.0",
			"resolved": "https://registry.npmjs.org/jsonc-parser/-/jsonc-parser-3.2.0.tgz",
			"integrity": "sha512-gfFQZrcTc8CnKXp6Y4/CBT3fTc0OVuDofpre4aEeEpSBPV5X5v4+Vmx+8snU7RLPrNHPKSgLxGo9YuQzz20o+w=="
		},
		"node_modules/linkify-urls": {
			"version": "4.0.0",
			"resolved": "https://registry.npmjs.org/linkify-urls/-/linkify-urls-4.0.0.tgz",
			"integrity": "sha512-Kjj+9gZtj+Yf93LL1UPND6F/F5hcZAINuBfS4AKiOUh5mmfVjSiZWBg75ebCJ8onkf0lIMJhiOQXF3BCBBmCtw==",
			"dependencies": {
				"create-html-element": "^4.0.1"
			},
			"engines": {
				"node": "^12.20.0 || ^14.13.1 || >=16.0.0"
			},
			"funding": {
				"url": "https://github.com/sponsors/sindresorhus"
			}
		},
		"node_modules/shiki": {
			"version": "0.14.2",
			"resolved": "https://registry.npmjs.org/shiki/-/shiki-0.14.2.tgz",
			"integrity": "sha512-ltSZlSLOuSY0M0Y75KA+ieRaZ0Trf5Wl3gutE7jzLuIcWxLp5i/uEnLoQWNvgKXQ5OMpGkJnVMRLAuzjc0LJ2A==",
			"dependencies": {
				"ansi-sequence-parser": "^1.1.0",
				"jsonc-parser": "^3.2.0",
				"vscode-oniguruma": "^1.7.0",
				"vscode-textmate": "^8.0.0"
			}
		},
		"node_modules/stringify-attributes": {
			"version": "3.0.0",
			"resolved": "https://registry.npmjs.org/stringify-attributes/-/stringify-attributes-3.0.0.tgz",
			"integrity": "sha512-tJKiThlLfog6ljT7ZTihlMh0iAtjKlu/ss9DMmBE5oOosbMqOMcuxc7zDfxP2lGzSb2Bwvbd3gQTqTSCmXyySw==",
			"dependencies": {
				"escape-goat": "^3.0.0"
			},
			"engines": {
				"node": ">=12"
			},
			"funding": {
				"url": "https://github.com/sponsors/sindresorhus"
			}
		},
		"node_modules/stringify-attributes/node_modules/escape-goat": {
			"version": "3.0.0",
			"resolved": "https://registry.npmjs.org/escape-goat/-/escape-goat-3.0.0.tgz",
			"integrity": "sha512-w3PwNZJwRxlp47QGzhuEBldEqVHHhh8/tIPcl6ecf2Bou99cdAt0knihBV0Ecc7CGxYduXVBDheH1K2oADRlvw==",
			"engines": {
				"node": ">=10"
			},
			"funding": {
				"url": "https://github.com/sponsors/sindresorhus"
			}
		},
		"node_modules/type-fest": {
			"version": "2.19.0",
			"resolved": "https://registry.npmjs.org/type-fest/-/type-fest-2.19.0.tgz",
			"integrity": "sha512-RAH822pAdBgcNMAfWnCBU3CFZcfZ/i1eZjwFU/dsLKumyuuP3niueg2UAukXYF0E2AAoc82ZSSf9J0WQBinzHA==",
			"engines": {
				"node": ">=12.20"
			},
			"funding": {
				"url": "https://github.com/sponsors/sindresorhus"
			}
		},
		"node_modules/vscode-oniguruma": {
			"version": "1.7.0",
			"resolved": "https://registry.npmjs.org/vscode-oniguruma/-/vscode-oniguruma-1.7.0.tgz",
			"integrity": "sha512-L9WMGRfrjOhgHSdOYgCt/yRMsXzLDJSL7BPrOZt73gU0iWO4mpqzqQzOz5srxqTvMBaR0XZTSrVWo4j55Rc6cA=="
		},
		"node_modules/vscode-textmate": {
			"version": "8.0.0",
			"resolved": "https://registry.npmjs.org/vscode-textmate/-/vscode-textmate-8.0.0.tgz",
			"integrity": "sha512-AFbieoL7a5LMqcnOF04ji+rpXadgOXnZsxQr//r83kLPr7biP7am3g9zbaZIaBGwBRWeSvoMD4mgPdX3e4NWBg=="
		}
	}
}
